// !$*UTF8*$!
{
	archiveVersion = 1;
	classes = {
	};
	objectVersion = 48;
	objects = {

/* Begin PBXBuildFile section */
		542FA18B20339ED70006D423 /* TableCellRepresentable.swift in Sources */ = {isa = PBXBuildFile; fileRef = 542FA18A20339ED70006D423 /* TableCellRepresentable.swift */; };
		542FA18D2033A19F0006D423 /* AddSubscriptionViewModel.swift in Sources */ = {isa = PBXBuildFile; fileRef = 542FA18C2033A19F0006D423 /* AddSubscriptionViewModel.swift */; };
		542FA18F2033A2180006D423 /* FriendModel.swift in Sources */ = {isa = PBXBuildFile; fileRef = 542FA18E2033A2180006D423 /* FriendModel.swift */; };
		542FA1912033B0470006D423 /* UserFriendsModel.swift in Sources */ = {isa = PBXBuildFile; fileRef = 542FA1902033B0470006D423 /* UserFriendsModel.swift */; };
		542FA1932033BD3E0006D423 /* CollectionCellRepresentable.swift in Sources */ = {isa = PBXBuildFile; fileRef = 542FA1922033BD3E0006D423 /* CollectionCellRepresentable.swift */; };
		5438D84C2051EBAF006D4D9D /* AddSubscriptionCollectionViewController.swift in Sources */ = {isa = PBXBuildFile; fileRef = 5438D84B2051EBAE006D4D9D /* AddSubscriptionCollectionViewController.swift */; };
		5448090F2053380E00D5FB40 /* AddSubscriptionCollectionViewModel.swift in Sources */ = {isa = PBXBuildFile; fileRef = 5448090E2053380E00D5FB40 /* AddSubscriptionCollectionViewModel.swift */; };
		545ADA1420266E70009C0EB9 /* AppDelegate.swift in Sources */ = {isa = PBXBuildFile; fileRef = 545ADA1320266E70009C0EB9 /* AppDelegate.swift */; };
		545ADA1920266E70009C0EB9 /* Main.storyboard in Resources */ = {isa = PBXBuildFile; fileRef = 545ADA1720266E70009C0EB9 /* Main.storyboard */; };
		545ADA1B20266E70009C0EB9 /* Assets.xcassets in Resources */ = {isa = PBXBuildFile; fileRef = 545ADA1A20266E70009C0EB9 /* Assets.xcassets */; };
		545ADA1E20266E70009C0EB9 /* LaunchScreen.storyboard in Resources */ = {isa = PBXBuildFile; fileRef = 545ADA1C20266E70009C0EB9 /* LaunchScreen.storyboard */; };
		545ADA26202677F8009C0EB9 /* SubscriptionsViewController.swift in Sources */ = {isa = PBXBuildFile; fileRef = 545ADA25202677F8009C0EB9 /* SubscriptionsViewController.swift */; };
		545ADA2820267A3A009C0EB9 /* SubscriptionCell.swift in Sources */ = {isa = PBXBuildFile; fileRef = 545ADA2720267A3A009C0EB9 /* SubscriptionCell.swift */; };
		5473ED6C205316E200AE6ED8 /* AddSubscriptionCollectionCell.swift in Sources */ = {isa = PBXBuildFile; fileRef = 5473ED6B205316E200AE6ED8 /* AddSubscriptionCollectionCell.swift */; };
		5475902120267EA70045DB8B /* Default-568h@2x.png in Resources */ = {isa = PBXBuildFile; fileRef = 5475902020267EA70045DB8B /* Default-568h@2x.png */; };
		5475902320268B430045DB8B /* SubscriptionViewModel.swift in Sources */ = {isa = PBXBuildFile; fileRef = 5475902220268B430045DB8B /* SubscriptionViewModel.swift */; };
		549A4F8F204205C00002E99B /* Subscription.swift in Sources */ = {isa = PBXBuildFile; fileRef = 549A4F8E204205C00002E99B /* Subscription.swift */; };
		549A4F912042067D0002E99B /* Brand.swift in Sources */ = {isa = PBXBuildFile; fileRef = 549A4F902042067D0002E99B /* Brand.swift */; };
		549A4F93204208D50002E99B /* Configurable.swift in Sources */ = {isa = PBXBuildFile; fileRef = 549A4F92204208D50002E99B /* Configurable.swift */; };
		54C3B10C2026AA3400459229 /* FriendCell.swift in Sources */ = {isa = PBXBuildFile; fileRef = 54C3B10B2026AA3400459229 /* FriendCell.swift */; };
		54C3B10E2026BF9400459229 /* AddSubscriptionViewController.swift in Sources */ = {isa = PBXBuildFile; fileRef = 54C3B10D2026BF9400459229 /* AddSubscriptionViewController.swift */; };
		54C3B1102026BFBD00459229 /* AddSubscriptionCell.swift in Sources */ = {isa = PBXBuildFile; fileRef = 54C3B10F2026BFBD00459229 /* AddSubscriptionCell.swift */; };
		54C3B1122026C79900459229 /* EditSubscriptionViewController.swift in Sources */ = {isa = PBXBuildFile; fileRef = 54C3B1112026C79900459229 /* EditSubscriptionViewController.swift */; };
		54C3B1142026F39300459229 /* ExpandedFriendCell.swift in Sources */ = {isa = PBXBuildFile; fileRef = 54C3B1132026F39300459229 /* ExpandedFriendCell.swift */; };
		54C3B1162026F82B00459229 /* ExpandedSubscriptionCell.swift in Sources */ = {isa = PBXBuildFile; fileRef = 54C3B1152026F82B00459229 /* ExpandedSubscriptionCell.swift */; };
		54DC43312027846400AB94FA /* FBLoginViewController.swift in Sources */ = {isa = PBXBuildFile; fileRef = 54DC43302027846400AB94FA /* FBLoginViewController.swift */; };
		54F9E93320269AFB00AB139C /* GoogleService-Info.plist in Resources */ = {isa = PBXBuildFile; fileRef = 54F9E93220269AFB00AB139C /* GoogleService-Info.plist */; };
		ACE211ABA6DE53B8B3CCAD63 /* Pods_Gravity.framework in Frameworks */ = {isa = PBXBuildFile; fileRef = D8405A319A0984AB605ED84B /* Pods_Gravity.framework */; };
/* End PBXBuildFile section */

/* Begin PBXFileReference section */
		13F994D537BBAD819707D6E3 /* Pods-Gravity.debug.xcconfig */ = {isa = PBXFileReference; includeInIndex = 1; lastKnownFileType = text.xcconfig; name = "Pods-Gravity.debug.xcconfig"; path = "Pods/Target Support Files/Pods-Gravity/Pods-Gravity.debug.xcconfig"; sourceTree = "<group>"; };
		542FA18A20339ED70006D423 /* TableCellRepresentable.swift */ = {isa = PBXFileReference; lastKnownFileType = sourcecode.swift; path = TableCellRepresentable.swift; sourceTree = "<group>"; };
		542FA18C2033A19F0006D423 /* AddSubscriptionViewModel.swift */ = {isa = PBXFileReference; lastKnownFileType = sourcecode.swift; path = AddSubscriptionViewModel.swift; sourceTree = "<group>"; };
		542FA18E2033A2180006D423 /* FriendModel.swift */ = {isa = PBXFileReference; lastKnownFileType = sourcecode.swift; path = FriendModel.swift; sourceTree = "<group>"; };
		542FA1902033B0470006D423 /* UserFriendsModel.swift */ = {isa = PBXFileReference; lastKnownFileType = sourcecode.swift; path = UserFriendsModel.swift; sourceTree = "<group>"; };
		542FA1922033BD3E0006D423 /* CollectionCellRepresentable.swift */ = {isa = PBXFileReference; lastKnownFileType = sourcecode.swift; path = CollectionCellRepresentable.swift; sourceTree = "<group>"; };
		5438D84B2051EBAE006D4D9D /* AddSubscriptionCollectionViewController.swift */ = {isa = PBXFileReference; lastKnownFileType = sourcecode.swift; path = AddSubscriptionCollectionViewController.swift; sourceTree = "<group>"; };
		54410412315ED6591203260B /* Pods-Gravity.release.xcconfig */ = {isa = PBXFileReference; includeInIndex = 1; lastKnownFileType = text.xcconfig; name = "Pods-Gravity.release.xcconfig"; path = "Pods/Target Support Files/Pods-Gravity/Pods-Gravity.release.xcconfig"; sourceTree = "<group>"; };
		5448090E2053380E00D5FB40 /* AddSubscriptionCollectionViewModel.swift */ = {isa = PBXFileReference; lastKnownFileType = sourcecode.swift; path = AddSubscriptionCollectionViewModel.swift; sourceTree = "<group>"; };
		545ADA1020266E70009C0EB9 /* Gravity.app */ = {isa = PBXFileReference; explicitFileType = wrapper.application; includeInIndex = 0; path = Gravity.app; sourceTree = BUILT_PRODUCTS_DIR; };
		545ADA1320266E70009C0EB9 /* AppDelegate.swift */ = {isa = PBXFileReference; lastKnownFileType = sourcecode.swift; path = AppDelegate.swift; sourceTree = "<group>"; };
		545ADA1820266E70009C0EB9 /* Base */ = {isa = PBXFileReference; lastKnownFileType = file.storyboard; name = Base; path = Base.lproj/Main.storyboard; sourceTree = "<group>"; };
		545ADA1A20266E70009C0EB9 /* Assets.xcassets */ = {isa = PBXFileReference; lastKnownFileType = folder.assetcatalog; path = Assets.xcassets; sourceTree = "<group>"; };
		545ADA1D20266E70009C0EB9 /* Base */ = {isa = PBXFileReference; lastKnownFileType = file.storyboard; name = Base; path = Base.lproj/LaunchScreen.storyboard; sourceTree = "<group>"; };
		545ADA1F20266E70009C0EB9 /* Info.plist */ = {isa = PBXFileReference; lastKnownFileType = text.plist.xml; path = Info.plist; sourceTree = "<group>"; };
		545ADA25202677F8009C0EB9 /* SubscriptionsViewController.swift */ = {isa = PBXFileReference; lastKnownFileType = sourcecode.swift; path = SubscriptionsViewController.swift; sourceTree = "<group>"; };
		545ADA2720267A3A009C0EB9 /* SubscriptionCell.swift */ = {isa = PBXFileReference; lastKnownFileType = sourcecode.swift; path = SubscriptionCell.swift; sourceTree = "<group>"; };
		5473ED6B205316E200AE6ED8 /* AddSubscriptionCollectionCell.swift */ = {isa = PBXFileReference; lastKnownFileType = sourcecode.swift; path = AddSubscriptionCollectionCell.swift; sourceTree = "<group>"; };
		5475902020267EA70045DB8B /* Default-568h@2x.png */ = {isa = PBXFileReference; lastKnownFileType = image.png; path = "Default-568h@2x.png"; sourceTree = "<group>"; };
		5475902220268B430045DB8B /* SubscriptionViewModel.swift */ = {isa = PBXFileReference; lastKnownFileType = sourcecode.swift; path = SubscriptionViewModel.swift; sourceTree = "<group>"; };
		549A4F8E204205C00002E99B /* Subscription.swift */ = {isa = PBXFileReference; lastKnownFileType = sourcecode.swift; path = Subscription.swift; sourceTree = "<group>"; };
		549A4F902042067D0002E99B /* Brand.swift */ = {isa = PBXFileReference; lastKnownFileType = sourcecode.swift; path = Brand.swift; sourceTree = "<group>"; };
		549A4F92204208D50002E99B /* Configurable.swift */ = {isa = PBXFileReference; lastKnownFileType = sourcecode.swift; path = Configurable.swift; sourceTree = "<group>"; };
		54C3B10B2026AA3400459229 /* FriendCell.swift */ = {isa = PBXFileReference; lastKnownFileType = sourcecode.swift; path = FriendCell.swift; sourceTree = "<group>"; };
		54C3B10D2026BF9400459229 /* AddSubscriptionViewController.swift */ = {isa = PBXFileReference; lastKnownFileType = sourcecode.swift; path = AddSubscriptionViewController.swift; sourceTree = "<group>"; };
		54C3B10F2026BFBD00459229 /* AddSubscriptionCell.swift */ = {isa = PBXFileReference; lastKnownFileType = sourcecode.swift; path = AddSubscriptionCell.swift; sourceTree = "<group>"; };
		54C3B1112026C79900459229 /* EditSubscriptionViewController.swift */ = {isa = PBXFileReference; lastKnownFileType = sourcecode.swift; path = EditSubscriptionViewController.swift; sourceTree = "<group>"; };
		54C3B1132026F39300459229 /* ExpandedFriendCell.swift */ = {isa = PBXFileReference; lastKnownFileType = sourcecode.swift; path = ExpandedFriendCell.swift; sourceTree = "<group>"; };
		54C3B1152026F82B00459229 /* ExpandedSubscriptionCell.swift */ = {isa = PBXFileReference; lastKnownFileType = sourcecode.swift; path = ExpandedSubscriptionCell.swift; sourceTree = "<group>"; };
		54DC43302027846400AB94FA /* FBLoginViewController.swift */ = {isa = PBXFileReference; lastKnownFileType = sourcecode.swift; path = FBLoginViewController.swift; sourceTree = "<group>"; };
		54F9E93220269AFB00AB139C /* GoogleService-Info.plist */ = {isa = PBXFileReference; lastKnownFileType = text.plist.xml; path = "GoogleService-Info.plist"; sourceTree = "<group>"; };
		D8405A319A0984AB605ED84B /* Pods_Gravity.framework */ = {isa = PBXFileReference; explicitFileType = wrapper.framework; includeInIndex = 0; path = Pods_Gravity.framework; sourceTree = BUILT_PRODUCTS_DIR; };
/* End PBXFileReference section */

/* Begin PBXFrameworksBuildPhase section */
		545ADA0D20266E70009C0EB9 /* Frameworks */ = {
			isa = PBXFrameworksBuildPhase;
			buildActionMask = 2147483647;
			files = (
				ACE211ABA6DE53B8B3CCAD63 /* Pods_Gravity.framework in Frameworks */,
			);
			runOnlyForDeploymentPostprocessing = 0;
		};
/* End PBXFrameworksBuildPhase section */

/* Begin PBXGroup section */
		545ADA0720266E70009C0EB9 = {
			isa = PBXGroup;
			children = (
				5475902020267EA70045DB8B /* Default-568h@2x.png */,
				545ADA1220266E70009C0EB9 /* Gravity */,
				545ADA1120266E70009C0EB9 /* Products */,
				63C1E109490F252DF1F94FE3 /* Pods */,
				CA7EBE2BB97F175926AF9C2D /* Frameworks */,
			);
			sourceTree = "<group>";
		};
		545ADA1120266E70009C0EB9 /* Products */ = {
			isa = PBXGroup;
			children = (
				545ADA1020266E70009C0EB9 /* Gravity.app */,
			);
			name = Products;
			sourceTree = "<group>";
		};
		545ADA1220266E70009C0EB9 /* Gravity */ = {
			isa = PBXGroup;
			children = (
				545ADA1320266E70009C0EB9 /* AppDelegate.swift */,
				545ADA1720266E70009C0EB9 /* Main.storyboard */,
				545ADA1A20266E70009C0EB9 /* Assets.xcassets */,
				545ADA1C20266E70009C0EB9 /* LaunchScreen.storyboard */,
				545ADA1F20266E70009C0EB9 /* Info.plist */,
				549A4F8B203F81F80002E99B /* Data */,
				547A103720363A8A00ECCDFD /* ViewModels */,
				547A103820363A9800ECCDFD /* Cells */,
				547A103620363A7600ECCDFD /* ViewControllers */,
				54F9E93220269AFB00AB139C /* GoogleService-Info.plist */,
			);
			path = Gravity;
			sourceTree = "<group>";
		};
		547A103620363A7600ECCDFD /* ViewControllers */ = {
			isa = PBXGroup;
			children = (
				545ADA25202677F8009C0EB9 /* SubscriptionsViewController.swift */,
				54C3B10D2026BF9400459229 /* AddSubscriptionViewController.swift */,
				54C3B1112026C79900459229 /* EditSubscriptionViewController.swift */,
				54DC43302027846400AB94FA /* FBLoginViewController.swift */,
				5438D84B2051EBAE006D4D9D /* AddSubscriptionCollectionViewController.swift */,
			);
			path = ViewControllers;
			sourceTree = "<group>";
		};
		547A103720363A8A00ECCDFD /* ViewModels */ = {
			isa = PBXGroup;
			children = (
				542FA18A20339ED70006D423 /* TableCellRepresentable.swift */,
				542FA1922033BD3E0006D423 /* CollectionCellRepresentable.swift */,
				5475902220268B430045DB8B /* SubscriptionViewModel.swift */,
				542FA18C2033A19F0006D423 /* AddSubscriptionViewModel.swift */,
				542FA1902033B0470006D423 /* UserFriendsModel.swift */,
				542FA18E2033A2180006D423 /* FriendModel.swift */,
				5448090E2053380E00D5FB40 /* AddSubscriptionCollectionViewModel.swift */,
			);
			path = ViewModels;
			sourceTree = "<group>";
		};
		547A103820363A9800ECCDFD /* Cells */ = {
			isa = PBXGroup;
			children = (
				549A4F92204208D50002E99B /* Configurable.swift */,
				545ADA2720267A3A009C0EB9 /* SubscriptionCell.swift */,
				54C3B10F2026BFBD00459229 /* AddSubscriptionCell.swift */,
				54C3B1152026F82B00459229 /* ExpandedSubscriptionCell.swift */,
				54C3B10B2026AA3400459229 /* FriendCell.swift */,
				54C3B1132026F39300459229 /* ExpandedFriendCell.swift */,
				5473ED6B205316E200AE6ED8 /* AddSubscriptionCollectionCell.swift */,
			);
			path = Cells;
			sourceTree = "<group>";
		};
		549A4F8B203F81F80002E99B /* Data */ = {
			isa = PBXGroup;
			children = (
				549A4F8E204205C00002E99B /* Subscription.swift */,
				549A4F902042067D0002E99B /* Brand.swift */,
			);
			path = Data;
			sourceTree = "<group>";
		};
		63C1E109490F252DF1F94FE3 /* Pods */ = {
			isa = PBXGroup;
			children = (
				13F994D537BBAD819707D6E3 /* Pods-Gravity.debug.xcconfig */,
				54410412315ED6591203260B /* Pods-Gravity.release.xcconfig */,
			);
			name = Pods;
			sourceTree = "<group>";
		};
		CA7EBE2BB97F175926AF9C2D /* Frameworks */ = {
			isa = PBXGroup;
			children = (
				D8405A319A0984AB605ED84B /* Pods_Gravity.framework */,
			);
			name = Frameworks;
			sourceTree = "<group>";
		};
/* End PBXGroup section */

/* Begin PBXNativeTarget section */
		545ADA0F20266E70009C0EB9 /* Gravity */ = {
			isa = PBXNativeTarget;
			buildConfigurationList = 545ADA2220266E70009C0EB9 /* Build configuration list for PBXNativeTarget "Gravity" */;
			buildPhases = (
				EEFED65F49C03C1EC6269F69 /* [CP] Check Pods Manifest.lock */,
				545ADA0C20266E70009C0EB9 /* Sources */,
				545ADA0D20266E70009C0EB9 /* Frameworks */,
				545ADA0E20266E70009C0EB9 /* Resources */,
				CAD889C282FA5E9B3FA73530 /* [CP] Embed Pods Frameworks */,
				829AA56F6D54DC60364DB021 /* [CP] Copy Pods Resources */,
				54AF1A0220323E6C009C2D36 /* ShellScript */,
			);
			buildRules = (
			);
			dependencies = (
			);
			name = Gravity;
			productName = SubScribe;
			productReference = 545ADA1020266E70009C0EB9 /* Gravity.app */;
			productType = "com.apple.product-type.application";
		};
/* End PBXNativeTarget section */

/* Begin PBXProject section */
		545ADA0820266E70009C0EB9 /* Project object */ = {
			isa = PBXProject;
			attributes = {
				LastSwiftUpdateCheck = 0920;
				LastUpgradeCheck = 0920;
				ORGANIZATIONNAME = SLOHacks;
				TargetAttributes = {
					545ADA0F20266E70009C0EB9 = {
						CreatedOnToolsVersion = 9.2;
						ProvisioningStyle = Automatic;
					};
				};
			};
			buildConfigurationList = 545ADA0B20266E70009C0EB9 /* Build configuration list for PBXProject "Gravity" */;
			compatibilityVersion = "Xcode 8.0";
			developmentRegion = en;
			hasScannedForEncodings = 0;
			knownRegions = (
				en,
				Base,
			);
			mainGroup = 545ADA0720266E70009C0EB9;
			productRefGroup = 545ADA1120266E70009C0EB9 /* Products */;
			projectDirPath = "";
			projectRoot = "";
			targets = (
				545ADA0F20266E70009C0EB9 /* Gravity */,
			);
		};
/* End PBXProject section */

/* Begin PBXResourcesBuildPhase section */
		545ADA0E20266E70009C0EB9 /* Resources */ = {
			isa = PBXResourcesBuildPhase;
			buildActionMask = 2147483647;
			files = (
				545ADA1E20266E70009C0EB9 /* LaunchScreen.storyboard in Resources */,
				5475902120267EA70045DB8B /* Default-568h@2x.png in Resources */,
				54F9E93320269AFB00AB139C /* GoogleService-Info.plist in Resources */,
				545ADA1B20266E70009C0EB9 /* Assets.xcassets in Resources */,
				545ADA1920266E70009C0EB9 /* Main.storyboard in Resources */,
			);
			runOnlyForDeploymentPostprocessing = 0;
		};
/* End PBXResourcesBuildPhase section */

/* Begin PBXShellScriptBuildPhase section */
		54AF1A0220323E6C009C2D36 /* ShellScript */ = {
			isa = PBXShellScriptBuildPhase;
			buildActionMask = 2147483647;
			files = (
			);
			inputPaths = (
			);
			outputPaths = (
			);
			runOnlyForDeploymentPostprocessing = 0;
			shellPath = /bin/sh;
			shellScript = "if which swiftlint >/dev/null; then\nswiftlint\nelse\necho \"warning: SwiftLint not installed, download from https://github.com/realm/SwiftLint\"\nfi";
		};
		829AA56F6D54DC60364DB021 /* [CP] Copy Pods Resources */ = {
			isa = PBXShellScriptBuildPhase;
			buildActionMask = 2147483647;
			files = (
			);
			inputPaths = (
			);
			name = "[CP] Copy Pods Resources";
			outputPaths = (
			);
			runOnlyForDeploymentPostprocessing = 0;
			shellPath = /bin/sh;
			shellScript = "\"${SRCROOT}/Pods/Target Support Files/Pods-Gravity/Pods-Gravity-resources.sh\"\n";
			showEnvVarsInLog = 0;
		};
		CAD889C282FA5E9B3FA73530 /* [CP] Embed Pods Frameworks */ = {
			isa = PBXShellScriptBuildPhase;
			buildActionMask = 2147483647;
			files = (
			);
			inputPaths = (
				"${SRCROOT}/Pods/Target Support Files/Pods-Gravity/Pods-Gravity-frameworks.sh",
				"${BUILT_PRODUCTS_DIR}/BulletinBoard/BulletinBoard.framework",
				"${BUILT_PRODUCTS_DIR}/DGCollectionViewLeftAlignFlowLayout/DGCollectionViewLeftAlignFlowLayout.framework",
				"${BUILT_PRODUCTS_DIR}/DateTimePicker/DateTimePicker.framework",
				"${BUILT_PRODUCTS_DIR}/GoogleToolboxForMac/GoogleToolboxForMac.framework",
				"${BUILT_PRODUCTS_DIR}/HGPlaceholders/HGPlaceholders.framework",
				"${BUILT_PRODUCTS_DIR}/Hero/Hero.framework",
				"${BUILT_PRODUCTS_DIR}/RAMReel/RAMReel.framework",
				"${BUILT_PRODUCTS_DIR}/SkeletonView/SkeletonView.framework",
				"${BUILT_PRODUCTS_DIR}/SwipeCellKit/SwipeCellKit.framework",
			);
			name = "[CP] Embed Pods Frameworks";
			outputPaths = (
				"${TARGET_BUILD_DIR}/${FRAMEWORKS_FOLDER_PATH}/BulletinBoard.framework",
				"${TARGET_BUILD_DIR}/${FRAMEWORKS_FOLDER_PATH}/DGCollectionViewLeftAlignFlowLayout.framework",
				"${TARGET_BUILD_DIR}/${FRAMEWORKS_FOLDER_PATH}/DateTimePicker.framework",
				"${TARGET_BUILD_DIR}/${FRAMEWORKS_FOLDER_PATH}/GoogleToolboxForMac.framework",
				"${TARGET_BUILD_DIR}/${FRAMEWORKS_FOLDER_PATH}/HGPlaceholders.framework",
				"${TARGET_BUILD_DIR}/${FRAMEWORKS_FOLDER_PATH}/Hero.framework",
				"${TARGET_BUILD_DIR}/${FRAMEWORKS_FOLDER_PATH}/RAMReel.framework",
				"${TARGET_BUILD_DIR}/${FRAMEWORKS_FOLDER_PATH}/SkeletonView.framework",
				"${TARGET_BUILD_DIR}/${FRAMEWORKS_FOLDER_PATH}/SwipeCellKit.framework",
			);
			runOnlyForDeploymentPostprocessing = 0;
			shellPath = /bin/sh;
			shellScript = "\"${SRCROOT}/Pods/Target Support Files/Pods-Gravity/Pods-Gravity-frameworks.sh\"\n";
			showEnvVarsInLog = 0;
		};
		EEFED65F49C03C1EC6269F69 /* [CP] Check Pods Manifest.lock */ = {
			isa = PBXShellScriptBuildPhase;
			buildActionMask = 2147483647;
			files = (
			);
			inputPaths = (
				"${PODS_PODFILE_DIR_PATH}/Podfile.lock",
				"${PODS_ROOT}/Manifest.lock",
			);
			name = "[CP] Check Pods Manifest.lock";
			outputPaths = (
				"$(DERIVED_FILE_DIR)/Pods-Gravity-checkManifestLockResult.txt",
			);
			runOnlyForDeploymentPostprocessing = 0;
			shellPath = /bin/sh;
			shellScript = "diff \"${PODS_PODFILE_DIR_PATH}/Podfile.lock\" \"${PODS_ROOT}/Manifest.lock\" > /dev/null\nif [ $? != 0 ] ; then\n    # print error to STDERR\n    echo \"error: The sandbox is not in sync with the Podfile.lock. Run 'pod install' or update your CocoaPods installation.\" >&2\n    exit 1\nfi\n# This output is used by Xcode 'outputs' to avoid re-running this script phase.\necho \"SUCCESS\" > \"${SCRIPT_OUTPUT_FILE_0}\"\n";
			showEnvVarsInLog = 0;
		};
/* End PBXShellScriptBuildPhase section */

/* Begin PBXSourcesBuildPhase section */
		545ADA0C20266E70009C0EB9 /* Sources */ = {
			isa = PBXSourcesBuildPhase;
			buildActionMask = 2147483647;
			files = (
				54C3B1122026C79900459229 /* EditSubscriptionViewController.swift in Sources */,
				5438D84C2051EBAF006D4D9D /* AddSubscriptionCollectionViewController.swift in Sources */,
				542FA18F2033A2180006D423 /* FriendModel.swift in Sources */,
				549A4F912042067D0002E99B /* Brand.swift in Sources */,
				545ADA26202677F8009C0EB9 /* SubscriptionsViewController.swift in Sources */,
				54DC43312027846400AB94FA /* FBLoginViewController.swift in Sources */,
				54C3B1142026F39300459229 /* ExpandedFriendCell.swift in Sources */,
				54C3B1102026BFBD00459229 /* AddSubscriptionCell.swift in Sources */,
				549A4F8F204205C00002E99B /* Subscription.swift in Sources */,
				5448090F2053380E00D5FB40 /* AddSubscriptionCollectionViewModel.swift in Sources */,
				54C3B10C2026AA3400459229 /* FriendCell.swift in Sources */,
				54C3B10E2026BF9400459229 /* AddSubscriptionViewController.swift in Sources */,
				549A4F93204208D50002E99B /* Configurable.swift in Sources */,
				542FA1912033B0470006D423 /* UserFriendsModel.swift in Sources */,
				54C3B1162026F82B00459229 /* ExpandedSubscriptionCell.swift in Sources */,
				542FA18B20339ED70006D423 /* TableCellRepresentable.swift in Sources */,
				545ADA2820267A3A009C0EB9 /* SubscriptionCell.swift in Sources */,
				542FA18D2033A19F0006D423 /* AddSubscriptionViewModel.swift in Sources */,
				542FA1932033BD3E0006D423 /* CollectionCellRepresentable.swift in Sources */,
				5475902320268B430045DB8B /* SubscriptionViewModel.swift in Sources */,
				5473ED6C205316E200AE6ED8 /* AddSubscriptionCollectionCell.swift in Sources */,
				545ADA1420266E70009C0EB9 /* AppDelegate.swift in Sources */,
			);
			runOnlyForDeploymentPostprocessing = 0;
		};
/* End PBXSourcesBuildPhase section */

/* Begin PBXVariantGroup section */
		545ADA1720266E70009C0EB9 /* Main.storyboard */ = {
			isa = PBXVariantGroup;
			children = (
				545ADA1820266E70009C0EB9 /* Base */,
			);
			name = Main.storyboard;
			sourceTree = "<group>";
		};
		545ADA1C20266E70009C0EB9 /* LaunchScreen.storyboard */ = {
			isa = PBXVariantGroup;
			children = (
				545ADA1D20266E70009C0EB9 /* Base */,
			);
			name = LaunchScreen.storyboard;
			sourceTree = "<group>";
		};
/* End PBXVariantGroup section */

/* Begin XCBuildConfiguration section */
		545ADA2020266E70009C0EB9 /* Debug */ = {
			isa = XCBuildConfiguration;
			buildSettings = {
				ALWAYS_SEARCH_USER_PATHS = NO;
				CLANG_ANALYZER_NONNULL = YES;
				CLANG_ANALYZER_NUMBER_OBJECT_CONVERSION = YES_AGGRESSIVE;
				CLANG_CXX_LANGUAGE_STANDARD = "gnu++14";
				CLANG_CXX_LIBRARY = "libc++";
				CLANG_ENABLE_MODULES = YES;
				CLANG_ENABLE_OBJC_ARC = YES;
				CLANG_WARN_BLOCK_CAPTURE_AUTORELEASING = YES;
				CLANG_WARN_BOOL_CONVERSION = YES;
				CLANG_WARN_COMMA = YES;
				CLANG_WARN_CONSTANT_CONVERSION = YES;
				CLANG_WARN_DIRECT_OBJC_ISA_USAGE = YES_ERROR;
				CLANG_WARN_DOCUMENTATION_COMMENTS = YES;
				CLANG_WARN_EMPTY_BODY = YES;
				CLANG_WARN_ENUM_CONVERSION = YES;
				CLANG_WARN_INFINITE_RECURSION = YES;
				CLANG_WARN_INT_CONVERSION = YES;
				CLANG_WARN_NON_LITERAL_NULL_CONVERSION = YES;
				CLANG_WARN_OBJC_LITERAL_CONVERSION = YES;
				CLANG_WARN_OBJC_ROOT_CLASS = YES_ERROR;
				CLANG_WARN_RANGE_LOOP_ANALYSIS = YES;
				CLANG_WARN_STRICT_PROTOTYPES = YES;
				CLANG_WARN_SUSPICIOUS_MOVE = YES;
				CLANG_WARN_UNGUARDED_AVAILABILITY = YES_AGGRESSIVE;
				CLANG_WARN_UNREACHABLE_CODE = YES;
				CLANG_WARN__DUPLICATE_METHOD_MATCH = YES;
				CODE_SIGN_IDENTITY = "iPhone Developer";
				COPY_PHASE_STRIP = NO;
				DEBUG_INFORMATION_FORMAT = dwarf;
				ENABLE_STRICT_OBJC_MSGSEND = YES;
				ENABLE_TESTABILITY = YES;
				GCC_C_LANGUAGE_STANDARD = gnu11;
				GCC_DYNAMIC_NO_PIC = NO;
				GCC_NO_COMMON_BLOCKS = YES;
				GCC_OPTIMIZATION_LEVEL = 0;
				GCC_PREPROCESSOR_DEFINITIONS = (
					"DEBUG=1",
					"$(inherited)",
				);
				GCC_WARN_64_TO_32_BIT_CONVERSION = YES;
				GCC_WARN_ABOUT_RETURN_TYPE = YES_ERROR;
				GCC_WARN_UNDECLARED_SELECTOR = YES;
				GCC_WARN_UNINITIALIZED_AUTOS = YES_AGGRESSIVE;
				GCC_WARN_UNUSED_FUNCTION = YES;
				GCC_WARN_UNUSED_VARIABLE = YES;
				IPHONEOS_DEPLOYMENT_TARGET = 11.2;
				MTL_ENABLE_DEBUG_INFO = YES;
				ONLY_ACTIVE_ARCH = YES;
				SDKROOT = iphoneos;
				SWIFT_ACTIVE_COMPILATION_CONDITIONS = DEBUG;
				SWIFT_OPTIMIZATION_LEVEL = "-Onone";
			};
			name = Debug;
		};
		545ADA2120266E70009C0EB9 /* Release */ = {
			isa = XCBuildConfiguration;
			buildSettings = {
				ALWAYS_SEARCH_USER_PATHS = NO;
				CLANG_ANALYZER_NONNULL = YES;
				CLANG_ANALYZER_NUMBER_OBJECT_CONVERSION = YES_AGGRESSIVE;
				CLANG_CXX_LANGUAGE_STANDARD = "gnu++14";
				CLANG_CXX_LIBRARY = "libc++";
				CLANG_ENABLE_MODULES = YES;
				CLANG_ENABLE_OBJC_ARC = YES;
				CLANG_WARN_BLOCK_CAPTURE_AUTORELEASING = YES;
				CLANG_WARN_BOOL_CONVERSION = YES;
				CLANG_WARN_COMMA = YES;
				CLANG_WARN_CONSTANT_CONVERSION = YES;
				CLANG_WARN_DIRECT_OBJC_ISA_USAGE = YES_ERROR;
				CLANG_WARN_DOCUMENTATION_COMMENTS = YES;
				CLANG_WARN_EMPTY_BODY = YES;
				CLANG_WARN_ENUM_CONVERSION = YES;
				CLANG_WARN_INFINITE_RECURSION = YES;
				CLANG_WARN_INT_CONVERSION = YES;
				CLANG_WARN_NON_LITERAL_NULL_CONVERSION = YES;
				CLANG_WARN_OBJC_LITERAL_CONVERSION = YES;
				CLANG_WARN_OBJC_ROOT_CLASS = YES_ERROR;
				CLANG_WARN_RANGE_LOOP_ANALYSIS = YES;
				CLANG_WARN_STRICT_PROTOTYPES = YES;
				CLANG_WARN_SUSPICIOUS_MOVE = YES;
				CLANG_WARN_UNGUARDED_AVAILABILITY = YES_AGGRESSIVE;
				CLANG_WARN_UNREACHABLE_CODE = YES;
				CLANG_WARN__DUPLICATE_METHOD_MATCH = YES;
				CODE_SIGN_IDENTITY = "iPhone Developer";
				COPY_PHASE_STRIP = NO;
				DEBUG_INFORMATION_FORMAT = "dwarf-with-dsym";
				ENABLE_NS_ASSERTIONS = NO;
				ENABLE_STRICT_OBJC_MSGSEND = YES;
				GCC_C_LANGUAGE_STANDARD = gnu11;
				GCC_NO_COMMON_BLOCKS = YES;
				GCC_WARN_64_TO_32_BIT_CONVERSION = YES;
				GCC_WARN_ABOUT_RETURN_TYPE = YES_ERROR;
				GCC_WARN_UNDECLARED_SELECTOR = YES;
				GCC_WARN_UNINITIALIZED_AUTOS = YES_AGGRESSIVE;
				GCC_WARN_UNUSED_FUNCTION = YES;
				GCC_WARN_UNUSED_VARIABLE = YES;
				IPHONEOS_DEPLOYMENT_TARGET = 11.2;
				MTL_ENABLE_DEBUG_INFO = NO;
				SDKROOT = iphoneos;
				SWIFT_OPTIMIZATION_LEVEL = "-Owholemodule";
				VALIDATE_PRODUCT = YES;
			};
			name = Release;
		};
		545ADA2320266E70009C0EB9 /* Debug */ = {
			isa = XCBuildConfiguration;
			baseConfigurationReference = 13F994D537BBAD819707D6E3 /* Pods-Gravity.debug.xcconfig */;
			buildSettings = {
				ASSETCATALOG_COMPILER_APPICON_NAME = AppIcon;
				CODE_SIGN_STYLE = Automatic;
				DEVELOPMENT_TEAM = 6VJ9C2YY26;
				INFOPLIST_FILE = Gravity/Info.plist;
				LD_RUNPATH_SEARCH_PATHS = "$(inherited) @executable_path/Frameworks";
				PRODUCT_BUNDLE_IDENTIFIER = edu.calpoly.Gravity;
				PRODUCT_NAME = "$(TARGET_NAME)";
				SWIFT_VERSION = 4.0;
				TARGETED_DEVICE_FAMILY = "1,2";
			};
			name = Debug;
		};
		545ADA2420266E70009C0EB9 /* Release */ = {
			isa = XCBuildConfiguration;
			baseConfigurationReference = 54410412315ED6591203260B /* Pods-Gravity.release.xcconfig */;
			buildSettings = {
				ASSETCATALOG_COMPILER_APPICON_NAME = AppIcon;
				CODE_SIGN_STYLE = Automatic;
				DEVELOPMENT_TEAM = 6VJ9C2YY26;
				INFOPLIST_FILE = Gravity/Info.plist;
				LD_RUNPATH_SEARCH_PATHS = "$(inherited) @executable_path/Frameworks";
				PRODUCT_BUNDLE_IDENTIFIER = edu.calpoly.Gravity;
				PRODUCT_NAME = "$(TARGET_NAME)";
				SWIFT_VERSION = 4.0;
				TARGETED_DEVICE_FAMILY = "1,2";
			};
			name = Release;
		};
/* End XCBuildConfiguration section */

/* Begin XCConfigurationList section */
		545ADA0B20266E70009C0EB9 /* Build configuration list for PBXProject "Gravity" */ = {
			isa = XCConfigurationList;
			buildConfigurations = (
				545ADA2020266E70009C0EB9 /* Debug */,
				545ADA2120266E70009C0EB9 /* Release */,
			);
			defaultConfigurationIsVisible = 0;
			defaultConfigurationName = Release;
		};
		545ADA2220266E70009C0EB9 /* Build configuration list for PBXNativeTarget "Gravity" */ = {
			isa = XCConfigurationList;
			buildConfigurations = (
				545ADA2320266E70009C0EB9 /* Debug */,
				545ADA2420266E70009C0EB9 /* Release */,
			);
			defaultConfigurationIsVisible = 0;
			defaultConfigurationName = Release;
		};
/* End XCConfigurationList section */
	};
	rootObject = 545ADA0820266E70009C0EB9 /* Project object */;
}
